dependencies:
- name: cp-helm-charts
  repository: https://confluentinc.github.io/cp-helm-charts/
  version: 0.1.0
- name: psi-registry
  repository: file://../psi-registry
  version: 0.3.0
- name: psi-manager
  repository: file://../psi-manager
  version: 0.3.0
digest: sha256:4e12f394946e9b7439eb2b1968c7bba2a43a60df45037cd8aa374b70f85d4fd6
generated: "2019-10-08T16:08:48.069853-06:00"
