dependencies:
- name: cp-helm-charts
  repository: https://confluentinc.github.io/cp-helm-charts/
  version: 0.1.0
- name: psi-registry
  repository: file://../psi-registry
  version: 0.3.0-SNAPSHOT
- name: psi-manager
  repository: file://../psi-manager
  version: 0.3.0-SNAPSHOT
digest: sha256:583b3a4bd1d605846622421553e650bbfb303519e6f53f1a723610fab11d762f
generated: 2019-01-30T16:44:11.558465-07:00
