dependencies:
- name: cp-helm-charts
  repository: https://confluentinc.github.io/cp-helm-charts/
  version: 0.1.0
- name: psi-registry
  repository: file://../psi-registry
  version: 0.2.1
- name: psi-manager
  repository: file://../psi-manager
  version: 0.2.1
digest: sha256:26e3d69611edba44f3dd0559ab061911a5f438b3e80beb2f9595a1cdd4bca115
generated: 2019-01-30T12:34:00.482314-07:00
