dependencies:
- name: ingress-nginx
  repository: https://kubernetes.github.io/ingress-nginx
  version: 2.1.0
- name: cp-helm-charts
  repository: https://confluentinc.github.io/cp-helm-charts/
  version: 0.4.1
- name: kube-state-metrics
  repository: https://kubernetes-charts.storage.googleapis.com/
  version: 2.8.5
- name: cas
  repository: file://../cas
  version: 0.1.0
digest: sha256:35dfac2f1da6da3dc4b782dcb43ffefd314c1cc4f463bee7f24dec6891ff7aef
generated: "2020-05-21T09:32:08.861217-06:00"
