dependencies:
- name: onestop-client
  repository: file://../onestop-client
  version: 3.0.0-alpha
- name: onestop-indexer
  repository: file://../onestop-indexer
  version: 3.0.0-alpha
- name: onestop-parsalyzer
  repository: file://../onestop-parsalyzer
  version: 3.0.0-alpha
- name: onestop-registry
  repository: file://../onestop-registry
  version: 3.0.0-alpha
- name: onestop-search
  repository: file://../onestop-search
  version: 3.0.0-alpha
- name: onestop-user
  repository: file://../onestop-user
  version: 3.0.0-alpha
digest: sha256:5a34d8915fdf747a67c9033e7bececddc679b03573591353d5d02b3619b32d4b
generated: "2020-07-30T15:25:21.79398-06:00"
