dependencies:
- name: cp-helm-charts
  repository: https://confluentinc.github.io/cp-helm-charts/
  version: 0.1.0
- name: nginx-ingress
  repository: https://kubernetes-charts.storage.googleapis.com
  version: 1.1.4
digest: sha256:d22839113ed6c2793c71b379b0f368d683e7ab5db0d72c25396980fa358d7a02
generated: 2019-01-11T11:36:03.003536-07:00
