dependencies:
- name: cp-helm-charts
  repository: https://confluentinc.github.io/cp-helm-charts/
  version: 0.1.0
- name: prometheus
  repository: https://kubernetes-charts.storage.googleapis.com
  version: 8.7.0
- name: grafana
  repository: https://kubernetes-charts.storage.googleapis.com
  version: 1.26.1
- name: nginx-ingress
  repository: https://kubernetes-charts.storage.googleapis.com
  version: 1.1.5
digest: sha256:8a8ed14c664a9a95d71714426786982cb8bf533549df0082fd104401672a894e
generated: 2019-02-08T17:37:49.955802-07:00
